version = 1
revision = 3
requires-python = ">=3.13"
resolution-markers = [
    "sys_platform == 'darwin' or sys_platform == 'linux'",
]
supported-markers = [
    "sys_platform == 'darwin' or sys_platform == 'linux'",
]

[[package]]
name = "babel"
version = "2.17.0"
source = { registry = "https://pypi.devinfra.sentry.io/simple" }
wheels = [
    { url = "https://pypi.devinfra.sentry.io/wheels/babel-2.17.0-py3-none-any.whl", hash = "sha256:4d0b53093fdfb4b21c92b5213dba5a1b23885afa8383709427046b21c366e5f2" },
]

[[package]]
name = "backrefs"
version = "5.9"
source = { registry = "https://pypi.devinfra.sentry.io/simple" }
wheels = [
    { url = "https://pypi.devinfra.sentry.io/wheels/backrefs-5.9-py311-none-any.whl", hash = "sha256:6907635edebbe9b2dc3de3a2befff44d74f30a4562adbb8b36f21252ea19c5cf" },
]

[[package]]
name = "certifi"
version = "2025.8.3"
source = { registry = "https://pypi.devinfra.sentry.io/simple" }
wheels = [
    { url = "https://pypi.devinfra.sentry.io/wheels/certifi-2025.8.3-py3-none-any.whl", hash = "sha256:f6c12493cfb1b06ba2ff328595af9350c65d6644968e5d3a2ffd78699af217a5" },
]

[[package]]
name = "cfgv"
version = "3.4.0"
source = { registry = "https://pypi.devinfra.sentry.io/simple" }
wheels = [
    { url = "https://pypi.devinfra.sentry.io/wheels/cfgv-3.4.0-py2.py3-none-any.whl", hash = "sha256:b7265b1f29fd3316bfcd2b330d63d024f2bfd8bcb8b0272f8e19a504856c48f9" },
]

[[package]]
name = "charset-normalizer"
version = "3.4.3"
source = { registry = "https://pypi.devinfra.sentry.io/simple" }
wheels = [
    { url = "https://pypi.devinfra.sentry.io/wheels/charset_normalizer-3.4.3-cp313-cp313-macosx_10_13_universal2.whl", hash = "sha256:14c2a87c65b351109f6abfc424cab3927b3bdece6f706e4d12faaf3d52ee5efe" },
    { url = "https://pypi.devinfra.sentry.io/wheels/charset_normalizer-3.4.3-cp313-cp313-manylinux2014_aarch64.manylinux_2_17_aarch64.manylinux_2_28_aarch64.whl", hash = "sha256:41d1fc408ff5fdfb910200ec0e74abc40387bccb3252f3f27c0676731df2b2c8" },
    { url = "https://pypi.devinfra.sentry.io/wheels/charset_normalizer-3.4.3-cp313-cp313-manylinux2014_x86_64.manylinux_2_17_x86_64.manylinux_2_28_x86_64.whl", hash = "sha256:416175faf02e4b0810f1f38bcb54682878a4af94059a1cd63b8747244420801f" },
]

[[package]]
name = "click"
version = "8.2.1"
source = { registry = "https://pypi.devinfra.sentry.io/simple" }
wheels = [
    { url = "https://pypi.devinfra.sentry.io/wheels/click-8.2.1-py3-none-any.whl", hash = "sha256:61a3265b914e850b85317d0b3109c7f8cd35a670f963866005d6ef1d5175a12b" },
]

[[package]]
name = "colorama"
version = "0.4.6"
source = { registry = "https://pypi.devinfra.sentry.io/simple" }
wheels = [
    { url = "https://pypi.devinfra.sentry.io/wheels/colorama-0.4.6-py2.py3-none-any.whl", hash = "sha256:4f1d9991f5acc0ca119f9d443620b77f9d6b33703e51011c16baf57afb285fc6" },
]

[[package]]
name = "devservices"
version = "1.2.1"
source = { registry = "https://pypi.devinfra.sentry.io/simple" }
dependencies = [
    { name = "packaging", marker = "sys_platform == 'darwin' or sys_platform == 'linux'" },
    { name = "pyyaml", marker = "sys_platform == 'darwin' or sys_platform == 'linux'" },
    { name = "sentry-devenv", marker = "sys_platform == 'darwin' or sys_platform == 'linux'" },
    { name = "sentry-sdk", marker = "sys_platform == 'darwin' or sys_platform == 'linux'" },
    { name = "supervisor", marker = "sys_platform == 'darwin' or sys_platform == 'linux'" },
]
wheels = [
    { url = "https://pypi.devinfra.sentry.io/wheels/devservices-1.2.1-py3-none-any.whl", hash = "sha256:7c76ab711550cd1f42bd99b12edfcbdb1792fb7df0b7fec51eb13a2e2ff5df1b" },
]

[[package]]
name = "distlib"
version = "0.3.9"
source = { registry = "https://pypi.devinfra.sentry.io/simple" }
wheels = [
    { url = "https://pypi.devinfra.sentry.io/wheels/distlib-0.3.9-py2.py3-none-any.whl", hash = "sha256:47f8c22fd27c27e25a65601af709b38e4f0a45ea4fc2e710f65755fa8caaaf87" },
]

[[package]]
name = "filelock"
version = "3.18.0"
source = { registry = "https://pypi.devinfra.sentry.io/simple" }
wheels = [
    { url = "https://pypi.devinfra.sentry.io/wheels/filelock-3.18.0-py3-none-any.whl", hash = "sha256:c401f4f8377c4464e6db25fff06205fd89bdd83b65eb0488ed1b160f780e21de" },
]

[[package]]
name = "ghp-import"
version = "2.1.0"
source = { registry = "https://pypi.devinfra.sentry.io/simple" }
dependencies = [
    { name = "python-dateutil", marker = "sys_platform == 'darwin' or sys_platform == 'linux'" },
]
wheels = [
    { url = "https://pypi.devinfra.sentry.io/wheels/ghp_import-2.1.0-py3-none-any.whl", hash = "sha256:8337dd7b50877f163d4c0289bc1f1c7f127550241988d568c1db512c4324a619" },
]

[[package]]
name = "identify"
version = "2.6.9"
source = { registry = "https://pypi.devinfra.sentry.io/simple" }
wheels = [
    { url = "https://pypi.devinfra.sentry.io/wheels/identify-2.6.9-py2.py3-none-any.whl", hash = "sha256:c98b4322da415a8e5a70ff6e51fbc2d2932c015532d77e9f8537b4ba7813b150" },
]

[[package]]
name = "idna"
version = "3.10"
source = { registry = "https://pypi.devinfra.sentry.io/simple" }
wheels = [
    { url = "https://pypi.devinfra.sentry.io/wheels/idna-3.10-py3-none-any.whl", hash = "sha256:946d195a0d259cbba61165e88e65941f16e9b36ea6ddb97f00452bae8b1287d3" },
]

[[package]]
name = "jinja2"
version = "3.1.6"
source = { registry = "https://pypi.devinfra.sentry.io/simple" }
dependencies = [
    { name = "markupsafe", marker = "sys_platform == 'darwin' or sys_platform == 'linux'" },
]
wheels = [
    { url = "https://pypi.devinfra.sentry.io/wheels/jinja2-3.1.6-py3-none-any.whl", hash = "sha256:85ece4451f492d0c13c5dd7c13a64681a86afae63a5f347908daf103ce6d2f67" },
]

[[package]]
name = "markdown"
version = "3.8.2"
source = { registry = "https://pypi.devinfra.sentry.io/simple" }
wheels = [
    { url = "https://pypi.devinfra.sentry.io/wheels/markdown-3.8.2-py3-none-any.whl", hash = "sha256:5c83764dbd4e00bdd94d85a19b8d55ccca20fe35b2e678a1422b380324dd5f24" },
]

[[package]]
name = "markupsafe"
version = "3.0.2"
source = { registry = "https://pypi.devinfra.sentry.io/simple" }
wheels = [
    { url = "https://pypi.devinfra.sentry.io/wheels/MarkupSafe-3.0.2-cp313-cp313-macosx_10_13_universal2.whl", hash = "sha256:ba9527cdd4c926ed0760bc301f6728ef34d841f405abf9d4f959c478421e4efd" },
    { url = "https://pypi.devinfra.sentry.io/wheels/MarkupSafe-3.0.2-cp313-cp313-macosx_11_0_arm64.whl", hash = "sha256:f8b3d067f2e40fe93e1ccdd6b2e1d16c43140e76f02fb1319a05cf2b79d99430" },
    { url = "https://pypi.devinfra.sentry.io/wheels/MarkupSafe-3.0.2-cp313-cp313-manylinux_2_17_aarch64.manylinux2014_aarch64.whl", hash = "sha256:569511d3b58c8791ab4c2e1285575265991e6d8f8700c7be0e88f86cb0672094" },
    { url = "https://pypi.devinfra.sentry.io/wheels/MarkupSafe-3.0.2-cp313-cp313-manylinux_2_17_x86_64.manylinux2014_x86_64.whl", hash = "sha256:15ab75ef81add55874e7ab7055e9c397312385bd9ced94920f2802310c930396" },
]

[[package]]
name = "mergedeep"
version = "1.3.4"
source = { registry = "https://pypi.devinfra.sentry.io/simple" }
wheels = [
    { url = "https://pypi.devinfra.sentry.io/wheels/mergedeep-1.3.4-py3-none-any.whl", hash = "sha256:70775750742b25c0d8f36c55aed03d24c3384d17c951b3175d898bd778ef0307" },
]

[[package]]
name = "mkdocs"
version = "1.6.1"
source = { registry = "https://pypi.devinfra.sentry.io/simple" }
dependencies = [
    { name = "click", marker = "sys_platform == 'darwin' or sys_platform == 'linux'" },
    { name = "ghp-import", marker = "sys_platform == 'darwin' or sys_platform == 'linux'" },
    { name = "jinja2", marker = "sys_platform == 'darwin' or sys_platform == 'linux'" },
    { name = "markdown", marker = "sys_platform == 'darwin' or sys_platform == 'linux'" },
    { name = "markupsafe", marker = "sys_platform == 'darwin' or sys_platform == 'linux'" },
    { name = "mergedeep", marker = "sys_platform == 'darwin' or sys_platform == 'linux'" },
    { name = "mkdocs-get-deps", marker = "sys_platform == 'darwin' or sys_platform == 'linux'" },
    { name = "packaging", marker = "sys_platform == 'darwin' or sys_platform == 'linux'" },
    { name = "pathspec", marker = "sys_platform == 'darwin' or sys_platform == 'linux'" },
    { name = "pyyaml", marker = "sys_platform == 'darwin' or sys_platform == 'linux'" },
    { name = "pyyaml-env-tag", marker = "sys_platform == 'darwin' or sys_platform == 'linux'" },
    { name = "watchdog", marker = "sys_platform == 'darwin' or sys_platform == 'linux'" },
]
wheels = [
    { url = "https://pypi.devinfra.sentry.io/wheels/mkdocs-1.6.1-py3-none-any.whl", hash = "sha256:db91759624d1647f3f34aa0c3f327dd2601beae39a366d6e064c03468d35c20e" },
]

[[package]]
name = "mkdocs-get-deps"
version = "0.2.0"
source = { registry = "https://pypi.devinfra.sentry.io/simple" }
dependencies = [
    { name = "mergedeep", marker = "sys_platform == 'darwin' or sys_platform == 'linux'" },
    { name = "platformdirs", marker = "sys_platform == 'darwin' or sys_platform == 'linux'" },
    { name = "pyyaml", marker = "sys_platform == 'darwin' or sys_platform == 'linux'" },
]
wheels = [
    { url = "https://pypi.devinfra.sentry.io/wheels/mkdocs_get_deps-0.2.0-py3-none-any.whl", hash = "sha256:2bf11d0b133e77a0dd036abeeb06dec8775e46efa526dc70667d8863eefc6134" },
]

[[package]]
name = "mkdocs-material"
version = "9.6.17"
source = { registry = "https://pypi.devinfra.sentry.io/simple" }
dependencies = [
    { name = "babel", marker = "sys_platform == 'darwin' or sys_platform == 'linux'" },
    { name = "backrefs", marker = "sys_platform == 'darwin' or sys_platform == 'linux'" },
    { name = "click", marker = "sys_platform == 'darwin' or sys_platform == 'linux'" },
    { name = "colorama", marker = "sys_platform == 'darwin' or sys_platform == 'linux'" },
    { name = "jinja2", marker = "sys_platform == 'darwin' or sys_platform == 'linux'" },
    { name = "markdown", marker = "sys_platform == 'darwin' or sys_platform == 'linux'" },
    { name = "mkdocs", marker = "sys_platform == 'darwin' or sys_platform == 'linux'" },
    { name = "mkdocs-material-extensions", marker = "sys_platform == 'darwin' or sys_platform == 'linux'" },
    { name = "paginate", marker = "sys_platform == 'darwin' or sys_platform == 'linux'" },
    { name = "pygments", marker = "sys_platform == 'darwin' or sys_platform == 'linux'" },
    { name = "pymdown-extensions", marker = "sys_platform == 'darwin' or sys_platform == 'linux'" },
    { name = "requests", marker = "sys_platform == 'darwin' or sys_platform == 'linux'" },
]
wheels = [
    { url = "https://pypi.devinfra.sentry.io/wheels/mkdocs_material-9.6.17-py3-none-any.whl", hash = "sha256:221dd8b37a63f52e580bcab4a7e0290e4a6f59bd66190be9c3d40767e05f9417" },
]

[[package]]
name = "mkdocs-material-extensions"
version = "1.3.1"
source = { registry = "https://pypi.devinfra.sentry.io/simple" }
wheels = [
    { url = "https://pypi.devinfra.sentry.io/wheels/mkdocs_material_extensions-1.3.1-py3-none-any.whl", hash = "sha256:adff8b62700b25cb77b53358dad940f3ef973dd6db797907c49e3c2ef3ab4e31" },
]

[[package]]
name = "nodeenv"
version = "1.9.1"
source = { registry = "https://pypi.devinfra.sentry.io/simple" }
wheels = [
    { url = "https://pypi.devinfra.sentry.io/wheels/nodeenv-1.9.1-py2.py3-none-any.whl", hash = "sha256:ba11c9782d29c27c70ffbdda2d7415098754709be8a7056d79a737cd901155c9" },
]

[[package]]
name = "packaging"
version = "25.0"
source = { registry = "https://pypi.devinfra.sentry.io/simple" }
wheels = [
    { url = "https://pypi.devinfra.sentry.io/wheels/packaging-25.0-py3-none-any.whl", hash = "sha256:29572ef2b1f17581046b3a2227d5c611fb25ec70ca1ba8554b24b0e69331a484" },
]

[[package]]
name = "paginate"
version = "0.5.7"
source = { registry = "https://pypi.devinfra.sentry.io/simple" }
wheels = [
    { url = "https://pypi.devinfra.sentry.io/wheels/paginate-0.5.7-py2.py3-none-any.whl", hash = "sha256:b885e2af73abcf01d9559fd5216b57ef722f8c42affbb63942377668e35c7591" },
]

[[package]]
name = "pathspec"
version = "0.12.1"
source = { registry = "https://pypi.devinfra.sentry.io/simple" }
wheels = [
    { url = "https://pypi.devinfra.sentry.io/wheels/pathspec-0.12.1-py3-none-any.whl", hash = "sha256:a0d503e138a4c123b27490a4f7beda6a01c6f288df0e4a8b79c7eb0dc7b4cc08" },
]

[[package]]
name = "platformdirs"
version = "4.3.8"
source = { registry = "https://pypi.devinfra.sentry.io/simple" }
wheels = [
    { url = "https://pypi.devinfra.sentry.io/wheels/platformdirs-4.3.8-py3-none-any.whl", hash = "sha256:ff7059bb7eb1179e2685604f4aaf157cfd9535242bd23742eadc3c13542139b4" },
]

[[package]]
name = "pre-commit"
version = "4.2.0"
source = { registry = "https://pypi.devinfra.sentry.io/simple" }
dependencies = [
    { name = "cfgv", marker = "sys_platform == 'darwin' or sys_platform == 'linux'" },
    { name = "identify", marker = "sys_platform == 'darwin' or sys_platform == 'linux'" },
    { name = "nodeenv", marker = "sys_platform == 'darwin' or sys_platform == 'linux'" },
    { name = "pyyaml", marker = "sys_platform == 'darwin' or sys_platform == 'linux'" },
    { name = "virtualenv", marker = "sys_platform == 'darwin' or sys_platform == 'linux'" },
]
wheels = [
    { url = "https://pypi.devinfra.sentry.io/wheels/pre_commit-4.2.0-py2.py3-none-any.whl", hash = "sha256:a009ca7205f1eb497d10b845e52c838a98b6cdd2102a6c8e4540e94ee75c58bd" },
]

[[package]]
name = "pygments"
version = "2.19.2"
source = { registry = "https://pypi.devinfra.sentry.io/simple" }
wheels = [
    { url = "https://pypi.devinfra.sentry.io/wheels/pygments-2.19.2-py3-none-any.whl", hash = "sha256:86540386c03d588bb81d44bc3928634ff26449851e99741617ecb9037ee5ec0b" },
]

[[package]]
name = "pymdown-extensions"
version = "10.16.1"
source = { registry = "https://pypi.devinfra.sentry.io/simple" }
dependencies = [
    { name = "markdown", marker = "sys_platform == 'darwin' or sys_platform == 'linux'" },
    { name = "pyyaml", marker = "sys_platform == 'darwin' or sys_platform == 'linux'" },
]
wheels = [
    { url = "https://pypi.devinfra.sentry.io/wheels/pymdown_extensions-10.16.1-py3-none-any.whl", hash = "sha256:d6ba157a6c03146a7fb122b2b9a121300056384eafeec9c9f9e584adfdb2a32d" },
]

[[package]]
name = "python-dateutil"
version = "2.9.0.post0"
source = { registry = "https://pypi.devinfra.sentry.io/simple" }
dependencies = [
    { name = "six", marker = "sys_platform == 'darwin' or sys_platform == 'linux'" },
]
wheels = [
    { url = "https://pypi.devinfra.sentry.io/wheels/python_dateutil-2.9.0.post0-py2.py3-none-any.whl", hash = "sha256:a8b2bc7bffae282281c8140a97d3aa9c14da0b136dfe83f850eea9a5f7470427" },
]

[[package]]
name = "pyyaml"
version = "6.0.2"
source = { registry = "https://pypi.devinfra.sentry.io/simple" }
wheels = [
    { url = "https://pypi.devinfra.sentry.io/wheels/PyYAML-6.0.2-cp313-cp313-macosx_10_13_x86_64.whl", hash = "sha256:efdca5630322a10774e8e98e1af481aad470dd62c3170801852d752aa7a783ba" },
    { url = "https://pypi.devinfra.sentry.io/wheels/PyYAML-6.0.2-cp313-cp313-macosx_11_0_arm64.whl", hash = "sha256:50187695423ffe49e2deacb8cd10510bc361faac997de9efef88badc3bb9e2d1" },
    { url = "https://pypi.devinfra.sentry.io/wheels/PyYAML-6.0.2-cp313-cp313-manylinux_2_17_aarch64.manylinux2014_aarch64.whl", hash = "sha256:0ffe8360bab4910ef1b9e87fb812d8bc0a308b0d0eef8c8f44e0254ab3b07133" },
    { url = "https://pypi.devinfra.sentry.io/wheels/PyYAML-6.0.2-cp313-cp313-manylinux_2_17_x86_64.manylinux2014_x86_64.whl", hash = "sha256:70b189594dbe54f75ab3a1acec5f1e3faa7e8cf2f1e08d9b561cb41b845f69d5" },
]

[[package]]
name = "pyyaml-env-tag"
version = "1.1"
source = { registry = "https://pypi.devinfra.sentry.io/simple" }
dependencies = [
    { name = "pyyaml", marker = "sys_platform == 'darwin' or sys_platform == 'linux'" },
]
wheels = [
    { url = "https://pypi.devinfra.sentry.io/wheels/pyyaml_env_tag-1.1-py3-none-any.whl", hash = "sha256:17109e1a528561e32f026364712fee1264bc2ea6715120891174ed1b980d2e04" },
]

[[package]]
name = "requests"
version = "2.32.5"
source = { registry = "https://pypi.devinfra.sentry.io/simple" }
dependencies = [
    { name = "certifi", marker = "sys_platform == 'darwin' or sys_platform == 'linux'" },
    { name = "charset-normalizer", marker = "sys_platform == 'darwin' or sys_platform == 'linux'" },
    { name = "idna", marker = "sys_platform == 'darwin' or sys_platform == 'linux'" },
    { name = "urllib3", marker = "sys_platform == 'darwin' or sys_platform == 'linux'" },
]
wheels = [
    { url = "https://pypi.devinfra.sentry.io/wheels/requests-2.32.5-py3-none-any.whl", hash = "sha256:2462f94637a34fd532264295e186976db0f5d453d1cdd31473c85a6a161affb6" },
]

[[package]]
name = "sentry-devenv"
version = "1.22.2"
source = { registry = "https://pypi.devinfra.sentry.io/simple" }
dependencies = [
    { name = "sentry-sdk", marker = "sys_platform == 'darwin' or sys_platform == 'linux'" },
    { name = "typing-extensions", marker = "sys_platform == 'darwin' or sys_platform == 'linux'" },
]
wheels = [
    { url = "https://pypi.devinfra.sentry.io/wheels/sentry_devenv-1.22.2-py3-none-any.whl", hash = "sha256:0ecd7c5793ee44a6fe401991589fae2a53e7d4dd0506d031994a00fe82e22390" },
]

[[package]]
name = "sentry-sdk"
version = "2.39.0"
source = { registry = "https://pypi.devinfra.sentry.io/simple" }
dependencies = [
    { name = "certifi", marker = "sys_platform == 'darwin' or sys_platform == 'linux'" },
    { name = "urllib3", marker = "sys_platform == 'darwin' or sys_platform == 'linux'" },
]
wheels = [
    { url = "https://pypi.devinfra.sentry.io/wheels/sentry_sdk-2.39.0-py2.py3-none-any.whl", hash = "sha256:ba655ca5e57b41569b18e2a5552cb3375209760a5d332cdd87c6c3f28f729602" },
]

[[package]]
name = "setuptools"
version = "78.1.1"
source = { registry = "https://pypi.devinfra.sentry.io/simple" }
wheels = [
    { url = "https://pypi.devinfra.sentry.io/wheels/setuptools-78.1.1-py3-none-any.whl", hash = "sha256:c3a9c4211ff4c309edb8b8c4f1cbfa7ae324c4ba9f91ff254e3d305b9fd54561" },
]

[[package]]
name = "six"
version = "1.17.0"
source = { registry = "https://pypi.devinfra.sentry.io/simple" }
wheels = [
    { url = "https://pypi.devinfra.sentry.io/wheels/six-1.17.0-py2.py3-none-any.whl", hash = "sha256:4721f391ed90541fddacab5acf947aa0d3dc7d27b2e1e8eda2be8970586c3274" },
]

[[package]]
name = "supervisor"
version = "4.2.5"
source = { registry = "https://pypi.devinfra.sentry.io/simple" }
dependencies = [
    { name = "setuptools", marker = "sys_platform == 'darwin' or sys_platform == 'linux'" },
]
wheels = [
    { url = "https://pypi.devinfra.sentry.io/wheels/supervisor-4.2.5-py2.py3-none-any.whl", hash = "sha256:2ecaede32fc25af814696374b79e42644ecaba5c09494c51016ffda9602d0f08" },
]

[[package]]
name = "symbolicator"
version = "0.0.0"
source = { virtual = "." }

[package.dev-dependencies]
dev = [
    { name = "devservices", marker = "sys_platform == 'darwin' or sys_platform == 'linux'" },
    { name = "mkdocs", marker = "sys_platform == 'darwin' or sys_platform == 'linux'" },
    { name = "mkdocs-material", marker = "sys_platform == 'darwin' or sys_platform == 'linux'" },
    { name = "pre-commit", marker = "sys_platform == 'darwin' or sys_platform == 'linux'" },
    { name = "pygments", marker = "sys_platform == 'darwin' or sys_platform == 'linux'" },
    { name = "sentry-devenv", marker = "sys_platform == 'darwin' or sys_platform == 'linux'" },
]

[package.metadata]

[package.metadata.requires-dev]
dev = [
    { name = "devservices", specifier = ">=1.2.1" },
    { name = "mkdocs", specifier = ">=1.6.1" },
    { name = "mkdocs-material", specifier = ">=9.6.17" },
    { name = "pre-commit", specifier = ">=4.2.0" },
    { name = "pygments", specifier = ">=2.19.2" },
    { name = "sentry-devenv", specifier = ">=1.22.2" },
]

[[package]]
name = "typing-extensions"
version = "4.15.0"
source = { registry = "https://pypi.devinfra.sentry.io/simple" }
wheels = [
    { url = "https://pypi.devinfra.sentry.io/wheels/typing_extensions-4.15.0-py3-none-any.whl", hash = "sha256:f0fa19c6845758ab08074a0cfa8b7aecb71c999ca73d62883bc25cc018c4e548" },
]

[[package]]
name = "urllib3"
version = "2.6.3"
source = { registry = "https://pypi.devinfra.sentry.io/simple" }
wheels = [
    { url = "https://pypi.devinfra.sentry.io/wheels/urllib3-2.6.3-py3-none-any.whl", hash = "sha256:bf272323e553dfb2e87d9bfd225ca7b0f467b919d7bbd355436d3fd37cb0acd4" },
]

[[package]]
name = "virtualenv"
version = "20.29.3"
source = { registry = "https://pypi.devinfra.sentry.io/simple" }
dependencies = [
    { name = "distlib", marker = "sys_platform == 'darwin' or sys_platform == 'linux'" },
    { name = "filelock", marker = "sys_platform == 'darwin' or sys_platform == 'linux'" },
    { name = "platformdirs", marker = "sys_platform == 'darwin' or sys_platform == 'linux'" },
]
wheels = [
    { url = "https://pypi.devinfra.sentry.io/wheels/virtualenv-20.29.3-py3-none-any.whl", hash = "sha256:3e3d00f5807e83b234dfb6122bf37cfadf4be216c53a49ac059d02414f819170" },
]

[[package]]
name = "watchdog"
version = "6.0.0"
source = { registry = "https://pypi.devinfra.sentry.io/simple" }
wheels = [
    { url = "https://pypi.devinfra.sentry.io/wheels/watchdog-6.0.0-cp313-cp313-macosx_10_13_x86_64.whl", hash = "sha256:76aae96b00ae814b181bb25b1b98076d5fc84e8a53cd8885a318b42b6d3a5134" },
    { url = "https://pypi.devinfra.sentry.io/wheels/watchdog-6.0.0-cp313-cp313-macosx_11_0_arm64.whl", hash = "sha256:a175f755fc2279e0b7312c0035d52e27211a5bc39719dd529625b1930917345b" },
    { url = "https://pypi.devinfra.sentry.io/wheels/watchdog-6.0.0-py3-none-manylinux2014_aarch64.whl", hash = "sha256:7607498efa04a3542ae3e05e64da8202e58159aa1fa4acddf7678d34a35d4f13" },
    { url = "https://pypi.devinfra.sentry.io/wheels/watchdog-6.0.0-py3-none-manylinux2014_x86_64.whl", hash = "sha256:20ffe5b202af80ab4266dcd3e91aae72bf2da48c0d33bdb15c66658e685e94e2" },
]
